Microsoft Visual Studio Solution File, Format Version 8.00
Project("{8BC9CEB8-8B4A-11D0-8D11-00A0C91BC942}") = "TV PSP", "TV PSP.vcproj", "{51DD2587-CAE1-4F35-80FF-D61488B92E2B}"
	ProjectSection(ProjectDependencies) = postProject
	EndProjectSection
EndProject
Global
	GlobalSection(SolutionConfiguration) = preSolution
		Debug = Debug
		Release = Release
	EndGlobalSection
	GlobalSection(ProjectConfiguration) = postSolution
		{51DD2587-CAE1-4F35-80FF-D61488B92E2B}.Debug.ActiveCfg = Debug|Win32
		{51DD2587-CAE1-4F35-80FF-D61488B92E2B}.Debug.Build.0 = Debug|Win32
		{51DD2587-CAE1-4F35-80FF-D61488B92E2B}.Release.ActiveCfg = Release|Win32
		{51DD2587-CAE1-4F35-80FF-D61488B92E2B}.Release.Build.0 = Release|Win32
	EndGlobalSection
	GlobalSection(ExtensibilityGlobals) = postSolution
	EndGlobalSection
	GlobalSection(ExtensibilityAddIns) = postSolution
	EndGlobalSection
EndGlobal
